
Microsoft Visual Studio Solution File, Format Version 12.00
# Visual Studio Version 17
VisualStudioVersion = 17.0.32112.339
MinimumVisualStudioVersion = 10.0.40219.1
Project("{FAE04EC0-301F-11D3-BF4B-00C04F79EFBC}") = "ConsoleApp1", "ConsoleApp1\ConsoleApp1.csproj", "{1733D3DB-D1F2-4BA5-AC7A-FFCB9F1AF929}"
EndProject
Global
	GlobalSection(SolutionConfigurationPlatforms) = preSolution
		Debug|Any CPU = Debug|Any CPU
		Release|Any CPU = Release|Any CPU
	EndGlobalSection
	GlobalSection(ProjectConfigurationPlatforms) = postSolution
		{1733D3DB-D1F2-4BA5-AC7A-FFCB9F1AF929}.Debug|Any CPU.ActiveCfg = Debug|Any CPU
		{1733D3DB-D1F2-4BA5-AC7A-FFCB9F1AF929}.Debug|Any CPU.Build.0 = Debug|Any CPU
		{1733D3DB-D1F2-4BA5-AC7A-FFCB9F1AF929}.Release|Any CPU.ActiveCfg = Release|Any CPU
		{1733D3DB-D1F2-4BA5-AC7A-FFCB9F1AF929}.Release|Any CPU.Build.0 = Release|Any CPU
	EndGlobalSection
	GlobalSection(SolutionProperties) = preSolution
		HideSolutionNode = FALSE
	EndGlobalSection
	GlobalSection(ExtensibilityGlobals) = postSolution
		SolutionGuid = {8FE3FF6B-52DE-49BD-BB11-A9840E3C44D3}
	EndGlobalSection
EndGlobal
